
Microsoft Visual Studio Solution File, Format Version 12.00
# Visual Studio Version 16
VisualStudioVersion = 16.0.31205.134
MinimumVisualStudioVersion = 10.0.40219.1
Project("{FAE04EC0-301F-11D3-BF4B-00C04F79EFBC}") = "Sample 2", "Sample 2\Sample 2.csproj", "{D41E1E8A-D332-48A2-953B-ADE915F5BEDF}"
EndProject
Global
	GlobalSection(SolutionConfigurationPlatforms) = preSolution
		Debug|Any CPU = Debug|Any CPU
		Release|Any CPU = Release|Any CPU
	EndGlobalSection
	GlobalSection(ProjectConfigurationPlatforms) = postSolution
		{D41E1E8A-D332-48A2-953B-ADE915F5BEDF}.Debug|Any CPU.ActiveCfg = Debug|Any CPU
		{D41E1E8A-D332-48A2-953B-ADE915F5BEDF}.Debug|Any CPU.Build.0 = Debug|Any CPU
		{D41E1E8A-D332-48A2-953B-ADE915F5BEDF}.Release|Any CPU.ActiveCfg = Release|Any CPU
		{D41E1E8A-D332-48A2-953B-ADE915F5BEDF}.Release|Any CPU.Build.0 = Release|Any CPU
	EndGlobalSection
	GlobalSection(SolutionProperties) = preSolution
		HideSolutionNode = FALSE
	EndGlobalSection
	GlobalSection(ExtensibilityGlobals) = postSolution
		SolutionGuid = {36402250-35D8-4F18-98E1-D63ACA601411}
	EndGlobalSection
EndGlobal
