
Microsoft Visual Studio Solution File, Format Version 12.00
# Visual Studio Version 16
VisualStudioVersion = 16.0.31205.134
MinimumVisualStudioVersion = 10.0.40219.1
Project("{FAE04EC0-301F-11D3-BF4B-00C04F79EFBC}") = "Sample 9", "Sample 9\Sample 9.csproj", "{A5CD3B26-61F1-439D-92A3-FF02766169CA}"
EndProject
Global
	GlobalSection(SolutionConfigurationPlatforms) = preSolution
		Debug|Any CPU = Debug|Any CPU
		Release|Any CPU = Release|Any CPU
	EndGlobalSection
	GlobalSection(ProjectConfigurationPlatforms) = postSolution
		{A5CD3B26-61F1-439D-92A3-FF02766169CA}.Debug|Any CPU.ActiveCfg = Debug|Any CPU
		{A5CD3B26-61F1-439D-92A3-FF02766169CA}.Debug|Any CPU.Build.0 = Debug|Any CPU
		{A5CD3B26-61F1-439D-92A3-FF02766169CA}.Release|Any CPU.ActiveCfg = Release|Any CPU
		{A5CD3B26-61F1-439D-92A3-FF02766169CA}.Release|Any CPU.Build.0 = Release|Any CPU
	EndGlobalSection
	GlobalSection(SolutionProperties) = preSolution
		HideSolutionNode = FALSE
	EndGlobalSection
	GlobalSection(ExtensibilityGlobals) = postSolution
		SolutionGuid = {177B13DB-191F-4B57-960A-77A094B8D170}
	EndGlobalSection
EndGlobal
